
Microsoft Visual Studio Solution File, Format Version 12.00
# Visual Studio Version 16
VisualStudioVersion = 16.0.35325.158
MinimumVisualStudioVersion = 10.0.40219.1
Project("{FAE04EC0-301F-11D3-BF4B-00C04F79EFBC}") = "Average_Minimum_Maximum_Values", "Average_Minimum_Maximum_Values\Average_Minimum_Maximum_Values.csproj", "{6A096E62-829B-47B0-AD83-0C1FA05FBF20}"
EndProject
Global
	GlobalSection(SolutionConfigurationPlatforms) = preSolution
		Debug|Any CPU = Debug|Any CPU
		Release|Any CPU = Release|Any CPU
	EndGlobalSection
	GlobalSection(ProjectConfigurationPlatforms) = postSolution
		{6A096E62-829B-47B0-AD83-0C1FA05FBF20}.Debug|Any CPU.ActiveCfg = Debug|Any CPU
		{6A096E62-829B-47B0-AD83-0C1FA05FBF20}.Debug|Any CPU.Build.0 = Debug|Any CPU
		{6A096E62-829B-47B0-AD83-0C1FA05FBF20}.Release|Any CPU.ActiveCfg = Release|Any CPU
		{6A096E62-829B-47B0-AD83-0C1FA05FBF20}.Release|Any CPU.Build.0 = Release|Any CPU
	EndGlobalSection
	GlobalSection(SolutionProperties) = preSolution
		HideSolutionNode = FALSE
	EndGlobalSection
	GlobalSection(ExtensibilityGlobals) = postSolution
		SolutionGuid = {326EE86B-BEBC-4687-BA98-75B0E2D8590E}
	EndGlobalSection
EndGlobal
