
Microsoft Visual Studio Solution File, Format Version 12.00
# Visual Studio Version 16
VisualStudioVersion = 16.0.35325.158
MinimumVisualStudioVersion = 10.0.40219.1
Project("{FAE04EC0-301F-11D3-BF4B-00C04F79EFBC}") = "Day3_Program_Constructs", "Day3_Program_Constructs\Day3_Program_Constructs.csproj", "{B29BDB66-EB85-4ECD-9D4C-2775CE3A4655}"
EndProject
Global
	GlobalSection(SolutionConfigurationPlatforms) = preSolution
		Debug|Any CPU = Debug|Any CPU
		Release|Any CPU = Release|Any CPU
	EndGlobalSection
	GlobalSection(ProjectConfigurationPlatforms) = postSolution
		{B29BDB66-EB85-4ECD-9D4C-2775CE3A4655}.Debug|Any CPU.ActiveCfg = Debug|Any CPU
		{B29BDB66-EB85-4ECD-9D4C-2775CE3A4655}.Debug|Any CPU.Build.0 = Debug|Any CPU
		{B29BDB66-EB85-4ECD-9D4C-2775CE3A4655}.Release|Any CPU.ActiveCfg = Release|Any CPU
		{B29BDB66-EB85-4ECD-9D4C-2775CE3A4655}.Release|Any CPU.Build.0 = Release|Any CPU
	EndGlobalSection
	GlobalSection(SolutionProperties) = preSolution
		HideSolutionNode = FALSE
	EndGlobalSection
	GlobalSection(ExtensibilityGlobals) = postSolution
		SolutionGuid = {CA746B10-4363-4AE3-8F04-56D09BE3660B}
	EndGlobalSection
EndGlobal
