
Microsoft Visual Studio Solution File, Format Version 12.00
# Visual Studio Version 16
VisualStudioVersion = 16.0.35325.158
MinimumVisualStudioVersion = 10.0.40219.1
Project("{FAE04EC0-301F-11D3-BF4B-00C04F79EFBC}") = "WebTechnology_Assignment-1", "WebTechnology_Assignment-1\WebTechnology_Assignment-1.csproj", "{7D424F86-112F-49F5-82FB-4DC5A8936703}"
EndProject
Global
	GlobalSection(SolutionConfigurationPlatforms) = preSolution
		Debug|Any CPU = Debug|Any CPU
		Release|Any CPU = Release|Any CPU
	EndGlobalSection
	GlobalSection(ProjectConfigurationPlatforms) = postSolution
		{7D424F86-112F-49F5-82FB-4DC5A8936703}.Debug|Any CPU.ActiveCfg = Debug|Any CPU
		{7D424F86-112F-49F5-82FB-4DC5A8936703}.Debug|Any CPU.Build.0 = Debug|Any CPU
		{7D424F86-112F-49F5-82FB-4DC5A8936703}.Release|Any CPU.ActiveCfg = Release|Any CPU
		{7D424F86-112F-49F5-82FB-4DC5A8936703}.Release|Any CPU.Build.0 = Release|Any CPU
	EndGlobalSection
	GlobalSection(SolutionProperties) = preSolution
		HideSolutionNode = FALSE
	EndGlobalSection
	GlobalSection(ExtensibilityGlobals) = postSolution
		SolutionGuid = {84FF53AC-FDE2-400F-9F70-2E8CEF738CC4}
	EndGlobalSection
EndGlobal
