
Microsoft Visual Studio Solution File, Format Version 12.00
# Visual Studio Version 16
VisualStudioVersion = 16.0.35325.158
MinimumVisualStudioVersion = 10.0.40219.1
Project("{FAE04EC0-301F-11D3-BF4B-00C04F79EFBC}") = "Swaping_Two_Numbers", "Swaping_Two_Numbers\Swaping_Two_Numbers.csproj", "{675B2495-11E9-46F5-925D-D15DC3615EB8}"
EndProject
Global
	GlobalSection(SolutionConfigurationPlatforms) = preSolution
		Debug|Any CPU = Debug|Any CPU
		Release|Any CPU = Release|Any CPU
	EndGlobalSection
	GlobalSection(ProjectConfigurationPlatforms) = postSolution
		{675B2495-11E9-46F5-925D-D15DC3615EB8}.Debug|Any CPU.ActiveCfg = Debug|Any CPU
		{675B2495-11E9-46F5-925D-D15DC3615EB8}.Debug|Any CPU.Build.0 = Debug|Any CPU
		{675B2495-11E9-46F5-925D-D15DC3615EB8}.Release|Any CPU.ActiveCfg = Release|Any CPU
		{675B2495-11E9-46F5-925D-D15DC3615EB8}.Release|Any CPU.Build.0 = Release|Any CPU
	EndGlobalSection
	GlobalSection(SolutionProperties) = preSolution
		HideSolutionNode = FALSE
	EndGlobalSection
	GlobalSection(ExtensibilityGlobals) = postSolution
		SolutionGuid = {E625D2F2-B007-45C8-A3BE-0C850E6875B7}
	EndGlobalSection
EndGlobal
