
Microsoft Visual Studio Solution File, Format Version 12.00
# Visual Studio Version 16
VisualStudioVersion = 16.0.35325.158
MinimumVisualStudioVersion = 10.0.40219.1
Project("{FAE04EC0-301F-11D3-BF4B-00C04F79EFBC}") = "Storing_In_Another_Array", "Storing_In_Another_Array\Storing_In_Another_Array.csproj", "{C07F3187-3B0D-41D3-A9E1-41872840457F}"
EndProject
Global
	GlobalSection(SolutionConfigurationPlatforms) = preSolution
		Debug|Any CPU = Debug|Any CPU
		Release|Any CPU = Release|Any CPU
	EndGlobalSection
	GlobalSection(ProjectConfigurationPlatforms) = postSolution
		{C07F3187-3B0D-41D3-A9E1-41872840457F}.Debug|Any CPU.ActiveCfg = Debug|Any CPU
		{C07F3187-3B0D-41D3-A9E1-41872840457F}.Debug|Any CPU.Build.0 = Debug|Any CPU
		{C07F3187-3B0D-41D3-A9E1-41872840457F}.Release|Any CPU.ActiveCfg = Release|Any CPU
		{C07F3187-3B0D-41D3-A9E1-41872840457F}.Release|Any CPU.Build.0 = Release|Any CPU
	EndGlobalSection
	GlobalSection(SolutionProperties) = preSolution
		HideSolutionNode = FALSE
	EndGlobalSection
	GlobalSection(ExtensibilityGlobals) = postSolution
		SolutionGuid = {42DBE69A-8CF9-4A17-A970-D7358D1CC81D}
	EndGlobalSection
EndGlobal
