
Microsoft Visual Studio Solution File, Format Version 12.00
# Visual Studio Version 16
VisualStudioVersion = 16.0.35325.158
MinimumVisualStudioVersion = 10.0.40219.1
Project("{FAE04EC0-301F-11D3-BF4B-00C04F79EFBC}") = "Railway_Reservation_System", "Railway_Reservation_System\Railway_Reservation_System.csproj", "{6CCAC2E3-F10B-4D83-8A47-97D5A969AC4C}"
EndProject
Global
	GlobalSection(SolutionConfigurationPlatforms) = preSolution
		Debug|Any CPU = Debug|Any CPU
		Release|Any CPU = Release|Any CPU
	EndGlobalSection
	GlobalSection(ProjectConfigurationPlatforms) = postSolution
		{6CCAC2E3-F10B-4D83-8A47-97D5A969AC4C}.Debug|Any CPU.ActiveCfg = Debug|Any CPU
		{6CCAC2E3-F10B-4D83-8A47-97D5A969AC4C}.Debug|Any CPU.Build.0 = Debug|Any CPU
		{6CCAC2E3-F10B-4D83-8A47-97D5A969AC4C}.Release|Any CPU.ActiveCfg = Release|Any CPU
		{6CCAC2E3-F10B-4D83-8A47-97D5A969AC4C}.Release|Any CPU.Build.0 = Release|Any CPU
	EndGlobalSection
	GlobalSection(SolutionProperties) = preSolution
		HideSolutionNode = FALSE
	EndGlobalSection
	GlobalSection(ExtensibilityGlobals) = postSolution
		SolutionGuid = {804F0FEC-25DA-413F-9839-D4D5B12DBD73}
	EndGlobalSection
EndGlobal
